
Microsoft Visual Studio Solution File, Format Version 12.00
# Visual Studio Version 16
VisualStudioVersion = 16.0.30225.117
MinimumVisualStudioVersion = 10.0.40219.1
Project("{888888A0-9F3D-457C-B088-3A5042F75D52}") = "projekt-konkurs", "projekt-konkurs\projekt-konkurs.pyproj", "{47469A5E-3F78-4DD8-9209-81FA44982BA4}"
EndProject
Global
	GlobalSection(SolutionConfigurationPlatforms) = preSolution
		Debug|Any CPU = Debug|Any CPU
		Release|Any CPU = Release|Any CPU
	EndGlobalSection
	GlobalSection(ProjectConfigurationPlatforms) = postSolution
		{47469A5E-3F78-4DD8-9209-81FA44982BA4}.Debug|Any CPU.ActiveCfg = Debug|Any CPU
		{47469A5E-3F78-4DD8-9209-81FA44982BA4}.Release|Any CPU.ActiveCfg = Release|Any CPU
	EndGlobalSection
	GlobalSection(SolutionProperties) = preSolution
		HideSolutionNode = FALSE
	EndGlobalSection
	GlobalSection(ExtensibilityGlobals) = postSolution
		SolutionGuid = {599CA3E3-43D2-4D5B-8388-365CBA7F96B4}
	EndGlobalSection
EndGlobal
